
Microsoft Visual Studio Solution File, Format Version 12.00
# Visual Studio Version 16
VisualStudioVersion = 16.0.29709.97
MinimumVisualStudioVersion = 10.0.40219.1
Project("{FAE04EC0-301F-11D3-BF4B-00C04F79EFBC}") = "Assembly-CSharp", "Assembly-CSharp.csproj", "{1EC08AE9-A2F2-07BE-39BB-F59B17AF5856}"
EndProject
Global
	GlobalSection(SolutionConfigurationPlatforms) = preSolution
		Debug|Any CPU = Debug|Any CPU
		Release|Any CPU = Release|Any CPU
	EndGlobalSection
	GlobalSection(ProjectConfigurationPlatforms) = postSolution
		{1EC08AE9-A2F2-07BE-39BB-F59B17AF5856}.Debug|Any CPU.ActiveCfg = Debug|Any CPU
		{1EC08AE9-A2F2-07BE-39BB-F59B17AF5856}.Debug|Any CPU.Build.0 = Debug|Any CPU
		{1EC08AE9-A2F2-07BE-39BB-F59B17AF5856}.Release|Any CPU.ActiveCfg = Release|Any CPU
		{1EC08AE9-A2F2-07BE-39BB-F59B17AF5856}.Release|Any CPU.Build.0 = Release|Any CPU
	EndGlobalSection
	GlobalSection(SolutionProperties) = preSolution
		HideSolutionNode = FALSE
	EndGlobalSection
	GlobalSection(ExtensibilityGlobals) = postSolution
		SolutionGuid = {150365D0-3361-4611-9901-B96A1928A267}
	EndGlobalSection
EndGlobal
